
Microsoft Visual Studio Solution File, Format Version 11.00
# Visual Studio 2010
Project("{FAE04EC0-301F-11D3-BF4B-00C04F79EFBC}") = "Diwen.Tiff", "Diwen.Tiff\Diwen.Tiff.csproj", "{05A3F0CE-7CD5-4D7B-B208-33909E97D649}"
EndProject
Project("{FAE04EC0-301F-11D3-BF4B-00C04F79EFBC}") = "Diwen.Tiff.Test", "Diwen.Tiff.Test\Diwen.Tiff.Test.csproj", "{5D07A7F6-54FF-4D7B-8005-5FC40E8C70C5}"
EndProject
Global
	GlobalSection(SolutionConfigurationPlatforms) = preSolution
		Debug|Any CPU = Debug|Any CPU
		Release|Any CPU = Release|Any CPU
	EndGlobalSection
	GlobalSection(ProjectConfigurationPlatforms) = postSolution
		{05A3F0CE-7CD5-4D7B-B208-33909E97D649}.Debug|Any CPU.ActiveCfg = Debug|Any CPU
		{05A3F0CE-7CD5-4D7B-B208-33909E97D649}.Debug|Any CPU.Build.0 = Debug|Any CPU
		{05A3F0CE-7CD5-4D7B-B208-33909E97D649}.Release|Any CPU.ActiveCfg = Release|Any CPU
		{05A3F0CE-7CD5-4D7B-B208-33909E97D649}.Release|Any CPU.Build.0 = Release|Any CPU
		{5D07A7F6-54FF-4D7B-8005-5FC40E8C70C5}.Debug|Any CPU.ActiveCfg = Debug|Any CPU
		{5D07A7F6-54FF-4D7B-8005-5FC40E8C70C5}.Debug|Any CPU.Build.0 = Debug|Any CPU
		{5D07A7F6-54FF-4D7B-8005-5FC40E8C70C5}.Release|Any CPU.ActiveCfg = Release|Any CPU
		{5D07A7F6-54FF-4D7B-8005-5FC40E8C70C5}.Release|Any CPU.Build.0 = Release|Any CPU
	EndGlobalSection
	GlobalSection(MonoDevelopProperties) = preSolution
		StartupItem = Diwen.Tiff\Diwen.Tiff.csproj
	EndGlobalSection
	GlobalSection(TestCaseManagementSettings) = postSolution
		CategoryFile = Diwen.Tiff.vsmdi
	EndGlobalSection
	GlobalSection(SolutionProperties) = preSolution
		HideSolutionNode = FALSE
	EndGlobalSection
EndGlobal
